
Microsoft Visual Studio Solution File, Format Version 12.00
# Visual Studio Version 17
VisualStudioVersion = 17.11.35303.130
MinimumVisualStudioVersion = 10.0.40219.1
Project("{9A19103F-16F7-4668-BE54-9A1E7A4F7556}") = "DEWsOggle", "DEWsOggle.csproj", "{9F56D893-C8C7-497A-AA72-FC57884291CC}"
EndProject
Global
	GlobalSection(SolutionConfigurationPlatforms) = preSolution
		Debug|Any CPU = Debug|Any CPU
		Release|Any CPU = Release|Any CPU
	EndGlobalSection
	GlobalSection(ProjectConfigurationPlatforms) = postSolution
		{9F56D893-C8C7-497A-AA72-FC57884291CC}.Debug|Any CPU.ActiveCfg = Debug|Any CPU
		{9F56D893-C8C7-497A-AA72-FC57884291CC}.Debug|Any CPU.Build.0 = Debug|Any CPU
		{9F56D893-C8C7-497A-AA72-FC57884291CC}.Release|Any CPU.ActiveCfg = Release|Any CPU
		{9F56D893-C8C7-497A-AA72-FC57884291CC}.Release|Any CPU.Build.0 = Release|Any CPU
	EndGlobalSection
	GlobalSection(SolutionProperties) = preSolution
		HideSolutionNode = FALSE
	EndGlobalSection
	GlobalSection(ExtensibilityGlobals) = postSolution
		SolutionGuid = {F3916DCC-472F-429D-B2B0-E290491FBC73}
	EndGlobalSection
EndGlobal
